
Microsoft Visual Studio Solution File, Format Version 12.00
# Visual Studio Version 17
VisualStudioVersion = 17.14.37203.1 d17.14
MinimumVisualStudioVersion = 10.0.40219.1
Project("{FAE04EC0-301F-11D3-BF4B-00C04F79EFBC}") = "ShiftScheduler", "ShiftScheduler\ShiftScheduler.csproj", "{A55237E4-6CE5-4488-AEBD-BC866C623B93}"
EndProject
Global
	GlobalSection(SolutionConfigurationPlatforms) = preSolution
		Debug|Any CPU = Debug|Any CPU
		Release|Any CPU = Release|Any CPU
	EndGlobalSection
	GlobalSection(ProjectConfigurationPlatforms) = postSolution
		{A55237E4-6CE5-4488-AEBD-BC866C623B93}.Debug|Any CPU.ActiveCfg = Debug|Any CPU
		{A55237E4-6CE5-4488-AEBD-BC866C623B93}.Debug|Any CPU.Build.0 = Debug|Any CPU
		{A55237E4-6CE5-4488-AEBD-BC866C623B93}.Release|Any CPU.ActiveCfg = Release|Any CPU
		{A55237E4-6CE5-4488-AEBD-BC866C623B93}.Release|Any CPU.Build.0 = Release|Any CPU
	EndGlobalSection
	GlobalSection(SolutionProperties) = preSolution
		HideSolutionNode = FALSE
	EndGlobalSection
	GlobalSection(ExtensibilityGlobals) = postSolution
		SolutionGuid = {38EF3791-F7C3-4270-933C-7852C1C280B1}
	EndGlobalSection
EndGlobal
